
Microsoft Visual Studio Solution File, Format Version 12.00
# Visual Studio Version 17
VisualStudioVersion = 17.9.34622.214
MinimumVisualStudioVersion = 10.0.40219.1
Project("{FAE04EC0-301F-11D3-BF4B-00C04F79EFBC}") = "License Key Generator", "License Key Generator\License Key Generator.csproj", "{8CF7BEE9-91BD-4EF8-ADC8-281EA896527A}"
EndProject
Global
	GlobalSection(SolutionConfigurationPlatforms) = preSolution
		Debug|Any CPU = Debug|Any CPU
		Release|Any CPU = Release|Any CPU
	EndGlobalSection
	GlobalSection(ProjectConfigurationPlatforms) = postSolution
		{8CF7BEE9-91BD-4EF8-ADC8-281EA896527A}.Debug|Any CPU.ActiveCfg = Debug|Any CPU
		{8CF7BEE9-91BD-4EF8-ADC8-281EA896527A}.Debug|Any CPU.Build.0 = Debug|Any CPU
		{8CF7BEE9-91BD-4EF8-ADC8-281EA896527A}.Release|Any CPU.ActiveCfg = Release|Any CPU
		{8CF7BEE9-91BD-4EF8-ADC8-281EA896527A}.Release|Any CPU.Build.0 = Release|Any CPU
	EndGlobalSection
	GlobalSection(SolutionProperties) = preSolution
		HideSolutionNode = FALSE
	EndGlobalSection
	GlobalSection(ExtensibilityGlobals) = postSolution
		SolutionGuid = {60AF8CBC-AB4F-4B8A-ABE1-B574F3D75EA5}
	EndGlobalSection
EndGlobal
